<?xml version="1.0" encoding="utf-8"?>
<Project ToolsVersion="4.0" xmlns="http://schemas.microsoft.com/developer/msbuild/2003">
  <ItemGroup>
    <Filter Include="Source Files">
      <UniqueIdentifier>{4FC737F1-C7A5-4376-A066-2A32D752A2FF}</UniqueIdentifier>
      <Extensions>cpp;c;cc;cxx;def;odl;idl;hpj;bat;asm;asmx</Extensions>
    </Filter>
    <Filter Include="Header Files">
      <UniqueIdentifier>{93995380-89BD-4b04-88EB-625FBE52EBFB}</UniqueIdentifier>
      <Extensions>h;hh;hpp;hxx;hm;inl;inc;xsd</Extensions>
    </Filter>
    <Filter Include="Resource Files">
      <UniqueIdentifier>{67DA6AB6-F800-4c08-8B7A-83BB121AAD01}</UniqueIdentifier>
      <Extensions>rc;ico;cur;bmp;dlg;rc2;rct;bin;rgs;gif;jpg;jpeg;jpe;resx;tiff;tif;png;wav;mfcribbon-ms</Extensions>
    </Filter>
  </ItemGroup>
  <ItemGroup>
    <ClCompile Include="src\CLI\Main.cpp">
      <Filter>Source Files</Filter>
    </ClCompile>
    <ClCompile Include="lib\D3D\Drawings\Presenters\FontPresenter.cpp">
      <Filter>Source Files</Filter>
    </ClCompile>
    <ClCompile Include="lib\D3D\Drawings\Font.cpp">
      <Filter>Source Files</Filter>
    </ClCompile>
    <ClCompile Include="lib\D3D\Renderer\Renderer.cpp">
      <Filter>Source Files</Filter>
    </ClCompile>
    <ClCompile Include="lib\Hooking\Hooks\DetourHook.cpp">
      <Filter>Source Files</Filter>
    </ClCompile>
    <ClCompile Include="lib\Hooking\Hooks\VMTHook.cpp">
      <Filter>Source Files</Filter>
    </ClCompile>
    <ClCompile Include="lib\Hooking\Managers\HookManager.cpp">
      <Filter>Source Files</Filter>
    </ClCompile>
    <ClCompile Include="lib\Logging\Logger\Base\LoggerBase.cpp">
      <Filter>Source Files</Filter>
    </ClCompile>
    <ClCompile Include="lib\Logging\Logger\FileLogger.cpp">
      <Filter>Source Files</Filter>
    </ClCompile>
    <ClCompile Include="lib\Math\Types\Vec2.cpp">
      <Filter>Source Files</Filter>
    </ClCompile>
    <ClCompile Include="lib\Math\Types\Vec3.cpp">
      <Filter>Source Files</Filter>
    </ClCompile>
    <ClCompile Include="lib\Memory\Pattern.cpp">
      <Filter>Source Files</Filter>
    </ClCompile>
    <ClCompile Include="lib\Memory\Read.cpp">
      <Filter>Source Files</Filter>
    </ClCompile>
    <ClCompile Include="lib\Math\Types\Angle.cpp">
      <Filter>Source Files</Filter>
    </ClCompile>
    <ClCompile Include="lib\Math\Types\Matrix3x4.cpp">
      <Filter>Source Files</Filter>
    </ClCompile>
    <ClCompile Include="lib\Memory\Remote\RemoteProcessService.cpp">
      <Filter>Source Files</Filter>
    </ClCompile>
    <ClCompile Include="lib\Memory\Remote\Function\RemoteFunctionExecuter.cpp">
      <Filter>Source Files</Filter>
    </ClCompile>
    <ClCompile Include="lib\Memory\Remote\Function\RemoteFunctionFactory.cpp">
      <Filter>Source Files</Filter>
    </ClCompile>
    <ClCompile Include="lib\Memory\Remote\Function\RemoteFunctionResolver.cpp">
      <Filter>Source Files</Filter>
    </ClCompile>
    <ClCompile Include="lib\Memory\Remote\Function\RemoteFunctionService.cpp">
      <Filter>Source Files</Filter>
    </ClCompile>
    <ClCompile Include="lib\Memory\Remote\Function\RemoteFunction.cpp">
      <Filter>Source Files</Filter>
    </ClCompile>
    <ClCompile Include="src\CSGO\Interfaces\Engine\EngineClient.cpp">
      <Filter>Source Files</Filter>
    </ClCompile>
    <ClCompile Include="src\CSGO\Interfaces\Interfaces.cpp">
      <Filter>Source Files</Filter>
    </ClCompile>
    <ClCompile Include="lib\Memory\Remote\Function\RemoteFunctionParams.cpp">
      <Filter>Source Files</Filter>
    </ClCompile>
  </ItemGroup>
  <ItemGroup>
    <ClInclude Include="lib\D3D\Consts\Colors.h">
      <Filter>Header Files</Filter>
    </ClInclude>
    <ClInclude Include="lib\D3D\Consts\Fonts.h">
      <Filter>Header Files</Filter>
    </ClInclude>
    <ClInclude Include="lib\D3D\Drawings\Presenters\Interfaces\IPresenter.h">
      <Filter>Header Files</Filter>
    </ClInclude>
    <ClInclude Include="lib\D3D\Drawings\Presenters\FontPresenter.h">
      <Filter>Header Files</Filter>
    </ClInclude>
    <ClInclude Include="lib\D3D\Drawings\Font.h">
      <Filter>Header Files</Filter>
    </ClInclude>
    <ClInclude Include="lib\D3D\Includes\D3D.h">
      <Filter>Header Files</Filter>
    </ClInclude>
    <ClInclude Include="lib\D3D\Renderer\Renderer.h">
      <Filter>Header Files</Filter>
    </ClInclude>
    <ClInclude Include="lib\Flags\Enum.h">
      <Filter>Header Files</Filter>
    </ClInclude>
    <ClInclude Include="lib\Hooking\Frames\Interfaces\IHookFrame.h">
      <Filter>Header Files</Filter>
    </ClInclude>
    <ClInclude Include="lib\Hooking\Hooks\Base\HookBase.h">
      <Filter>Header Files</Filter>
    </ClInclude>
    <ClInclude Include="lib\Hooking\Hooks\DetourHook.h">
      <Filter>Header Files</Filter>
    </ClInclude>
    <ClInclude Include="lib\Hooking\Hooks\VMTHook.h">
      <Filter>Header Files</Filter>
    </ClInclude>
    <ClInclude Include="lib\Hooking\Managers\HookManager.h">
      <Filter>Header Files</Filter>
    </ClInclude>
    <ClInclude Include="lib\Hooking\Services\HookService.h">
      <Filter>Header Files</Filter>
    </ClInclude>
    <ClInclude Include="lib\Logging\Logger\Base\LoggerBase.h">
      <Filter>Header Files</Filter>
    </ClInclude>
    <ClInclude Include="lib\Logging\Logger\FileLogger.h">
      <Filter>Header Files</Filter>
    </ClInclude>
    <ClInclude Include="lib\Math\Types\Vec2.h">
      <Filter>Header Files</Filter>
    </ClInclude>
    <ClInclude Include="lib\Math\Types\Vec3.h">
      <Filter>Header Files</Filter>
    </ClInclude>
    <ClInclude Include="lib\Memory\Pattern.h">
      <Filter>Header Files</Filter>
    </ClInclude>
    <ClInclude Include="lib\Memory\Read.h">
      <Filter>Header Files</Filter>
    </ClInclude>
    <ClInclude Include="lib\Memory\VMT.h">
      <Filter>Header Files</Filter>
    </ClInclude>
    <ClInclude Include="lib\Math\Types\Angle.h">
      <Filter>Header Files</Filter>
    </ClInclude>
    <ClInclude Include="lib\Math\Types\Matrix3x4.h">
      <Filter>Header Files</Filter>
    </ClInclude>
    <ClInclude Include="lib\Memory\Remote\RemoteProcessService.h">
      <Filter>Header Files</Filter>
    </ClInclude>
    <ClInclude Include="lib\Memory\Remote\Function\RemoteFunctionExecuter.h">
      <Filter>Header Files</Filter>
    </ClInclude>
    <ClInclude Include="lib\Memory\Remote\Function\RemoteFunctionFactory.h">
      <Filter>Header Files</Filter>
    </ClInclude>
    <ClInclude Include="lib\Memory\Remote\Function\RemoteFunctionResolver.h">
      <Filter>Header Files</Filter>
    </ClInclude>
    <ClInclude Include="lib\Memory\Remote\Function\RemoteFunctionService.h">
      <Filter>Header Files</Filter>
    </ClInclude>
    <ClInclude Include="lib\Memory\Remote\Function\RemoteFunction.h">
      <Filter>Header Files</Filter>
    </ClInclude>
    <ClInclude Include="src\CSGO\Interfaces\Engine\EngineClient.h">
      <Filter>Header Files</Filter>
    </ClInclude>
    <ClInclude Include="src\CSGO\Interfaces\Interfaces.h">
      <Filter>Header Files</Filter>
    </ClInclude>
    <ClInclude Include="lib\Memory\Remote\Function\RemoteFunctionParams.h">
      <Filter>Header Files</Filter>
    </ClInclude>
    <ClInclude Include="lib\Memory\SP.h">
      <Filter>Header Files</Filter>
    </ClInclude>
    <ClInclude Include="lib\Util\Path.h">
      <Filter>Header Files</Filter>
    </ClInclude>
    <ClInclude Include="lib\Util\String.h">
      <Filter>Header Files</Filter>
    </ClInclude>
  </ItemGroup>
</Project>