<?xml version="1.0" encoding="utf-8"?>
<Project ToolsVersion="4.0" xmlns="http://schemas.microsoft.com/developer/msbuild/2003">
  <ItemGroup>
    <Filter Include="Source Files">
      <UniqueIdentifier>{4FC737F1-C7A5-4376-A066-2A32D752A2FF}</UniqueIdentifier>
      <Extensions>cpp;c;cc;cxx;def;odl;idl;hpj;bat;asm;asmx</Extensions>
    </Filter>
    <Filter Include="Header Files">
      <UniqueIdentifier>{93995380-89BD-4b04-88EB-625FBE52EBFB}</UniqueIdentifier>
      <Extensions>h;hh;hpp;hxx;hm;inl;inc;xsd</Extensions>
    </Filter>
    <Filter Include="Resource Files">
      <UniqueIdentifier>{67DA6AB6-F800-4c08-8B7A-83BB121AAD01}</UniqueIdentifier>
      <Extensions>rc;ico;cur;bmp;dlg;rc2;rct;bin;rgs;gif;jpg;jpeg;jpe;resx;tiff;tif;png;wav;mfcribbon-ms</Extensions>
    </Filter>
  </ItemGroup>
  <ItemGroup>
    <ClCompile Include="lib\Memory\Remote\Function\RemoteFunction.cpp">
      <Filter>Source Files</Filter>
    </ClCompile>
    <ClCompile Include="lib\Memory\Remote\Function\RemoteFunctionExecuter.cpp">
      <Filter>Source Files</Filter>
    </ClCompile>
    <ClCompile Include="lib\Memory\Remote\Function\RemoteFunctionFactory.cpp">
      <Filter>Source Files</Filter>
    </ClCompile>
    <ClCompile Include="lib\Memory\Remote\Function\RemoteFunctionParams.cpp">
      <Filter>Source Files</Filter>
    </ClCompile>
    <ClCompile Include="lib\Memory\Remote\Function\RemoteFunctionResolver.cpp">
      <Filter>Source Files</Filter>
    </ClCompile>
    <ClCompile Include="lib\Memory\Remote\Function\RemoteFunctionService.cpp">
      <Filter>Source Files</Filter>
    </ClCompile>
    <ClCompile Include="src\CLI\Main.cpp">
      <Filter>Source Files</Filter>
    </ClCompile>
    <ClCompile Include="src\CSGO\Interfaces\Engine\EngineClient.cpp">
      <Filter>Source Files</Filter>
    </ClCompile>
    <ClCompile Include="src\CSGO\Interfaces\Client\Client.cpp">
      <Filter>Source Files</Filter>
    </ClCompile>
    <ClCompile Include="lib\Memory\Remote\Process\RemoteProcessService.cpp">
      <Filter>Source Files</Filter>
    </ClCompile>
    <ClCompile Include="lib\Memory\Remote\Hook\Base\SharedData\RemoteHookSharedDataBase.cpp">
      <Filter>Source Files</Filter>
    </ClCompile>
    <ClCompile Include="lib\Memory\Remote\Hook\VirtualMethodsTable\RemoteVirtualMethodsResolver.cpp">
      <Filter>Source Files</Filter>
    </ClCompile>
    <ClCompile Include="lib\Memory\Remote\Hook\VirtualMethodsTable\RemoteVirtualMethodsTableHook.cpp">
      <Filter>Source Files</Filter>
    </ClCompile>
    <ClCompile Include="lib\Memory\Remote\Hook\VirtualMethodsTable\RemoteVirtualMethodsTableHookFactory.cpp">
      <Filter>Source Files</Filter>
    </ClCompile>
    <ClCompile Include="src\CSGO\Interfaces\Base\InterfaceBase.cpp">
      <Filter>Source Files</Filter>
    </ClCompile>
    <ClCompile Include="lib\Memory\Remote\Hook\VirtualMethodsTable\SharedData\RemoteVirtualMethodsTableHookSharedData.cpp">
      <Filter>Source Files</Filter>
    </ClCompile>
    <ClCompile Include="lib\Memory\Remote\Hook\VirtualMethodsTable\RemoteVirtualMethodHookBase.cpp">
      <Filter>Source Files</Filter>
    </ClCompile>
    <ClCompile Include="src\CLI\Hooks\Client\ClientHook.cpp">
      <Filter>Source Files</Filter>
    </ClCompile>
    <ClCompile Include="src\CLI\Hooks\Client\VirtualMethods\CreateMoveVirtualMethodHook.cpp">
      <Filter>Source Files</Filter>
    </ClCompile>
    <ClCompile Include="src\CLI\Hooks\Client\SharedData\ClientHookSharedData.cpp">
      <Filter>Source Files</Filter>
    </ClCompile>
    <ClCompile Include="lib\Memory\Remote\Hook\RemoteHookService.cpp">
      <Filter>Source Files</Filter>
    </ClCompile>
    <ClCompile Include="src\CLI\Hooks\Base\HookBase.cpp">
      <Filter>Source Files</Filter>
    </ClCompile>
    <ClCompile Include="src\CLI\Hooks\HooksService.cpp">
      <Filter>Source Files</Filter>
    </ClCompile>
    <ClCompile Include="src\CSGO\Interfaces\InterfacesService.cpp">
      <Filter>Source Files</Filter>
    </ClCompile>
    <ClCompile Include="src\CSGO\ClientClass\ClientClassService.cpp">
      <Filter>Source Files</Filter>
    </ClCompile>
    <ClCompile Include="lib\Memory\Remote\Dto\Base\RemoteDtoBase.cpp">
      <Filter>Source Files</Filter>
    </ClCompile>
    <ClCompile Include="lib\Memory\Remote\Dto\Member\Base\RemoteDtoMemberBase.cpp">
      <Filter>Source Files</Filter>
    </ClCompile>
    <ClCompile Include="lib\Memory\Remote\Dto\RemoteDtoMemberResolver.cpp">
      <Filter>Source Files</Filter>
    </ClCompile>
    <ClCompile Include="src\CSGO\ClientClass\Dtos\ClientClassDto.cpp">
      <Filter>Source Files</Filter>
    </ClCompile>
    <ClCompile Include="src\CSGO\ClientClass\Dtos\RecvTableDto.cpp">
      <Filter>Source Files</Filter>
    </ClCompile>
    <ClCompile Include="lib\Memory\Remote\Process\Dtos\RemoteProcessDto.cpp">
      <Filter>Source Files</Filter>
    </ClCompile>
    <ClCompile Include="lib\Memory\Remote\Process\Factories\RemoteProcessDtoFactory.cpp">
      <Filter>Source Files</Filter>
    </ClCompile>
    <ClCompile Include="lib\Memory\Remote\Process\Factories\RemoteProcessModuleDtoFactory.cpp">
      <Filter>Source Files</Filter>
    </ClCompile>
    <ClCompile Include="lib\Memory\Remote\Process\Dtos\RemoteProcessModuleDto.cpp">
      <Filter>Source Files</Filter>
    </ClCompile>
    <ClCompile Include="lib\Memory\Remote\Process\Providers\RemoteProcessThreadsProvider.cpp">
      <Filter>Source Files</Filter>
    </ClCompile>
    <ClCompile Include="src\CSGO\Interfaces\Engine\EngineVGui.cpp">
      <Filter>Source Files</Filter>
    </ClCompile>
    <ClCompile Include="src\CLI\Hooks\EngineVGui\SharedData\EngineVGuiHookSharedData.cpp">
      <Filter>Source Files</Filter>
    </ClCompile>
    <ClCompile Include="src\CLI\Hooks\EngineVGui\VirtualMethods\PaintVirtualMethodHook.cpp">
      <Filter>Source Files</Filter>
    </ClCompile>
    <ClCompile Include="src\CLI\Hooks\EngineVGui\EngineVGuiHook.cpp">
      <Filter>Source Files</Filter>
    </ClCompile>
    <ClCompile Include="lib\Memory\PatternResolver.cpp">
      <Filter>Source Files</Filter>
    </ClCompile>
    <ClCompile Include="lib\Memory\Remote\Process\Resolvers\RemoteProcessPatternResolver.cpp">
      <Filter>Source Files</Filter>
    </ClCompile>
  </ItemGroup>
  <ItemGroup>
    <ClInclude Include="lib\Memory\Remote\Function\RemoteFunction.h">
      <Filter>Header Files</Filter>
    </ClInclude>
    <ClInclude Include="lib\Memory\Remote\Function\RemoteFunctionExecuter.h">
      <Filter>Header Files</Filter>
    </ClInclude>
    <ClInclude Include="lib\Memory\Remote\Function\RemoteFunctionFactory.h">
      <Filter>Header Files</Filter>
    </ClInclude>
    <ClInclude Include="lib\Memory\Remote\Function\RemoteFunctionParams.h">
      <Filter>Header Files</Filter>
    </ClInclude>
    <ClInclude Include="lib\Memory\Remote\Function\RemoteFunctionResolver.h">
      <Filter>Header Files</Filter>
    </ClInclude>
    <ClInclude Include="lib\Memory\Remote\Function\RemoteFunctionService.h">
      <Filter>Header Files</Filter>
    </ClInclude>
    <ClInclude Include="src\CSGO\Interfaces\Engine\EngineClient.h">
      <Filter>Header Files</Filter>
    </ClInclude>
    <ClInclude Include="src\CSGO\Interfaces\Client\Client.h">
      <Filter>Header Files</Filter>
    </ClInclude>
    <ClInclude Include="lib\Memory\Remote\Process\RemoteProcessService.h">
      <Filter>Header Files</Filter>
    </ClInclude>
    <ClInclude Include="lib\Memory\Remote\Hook\Base\SharedData\RemoteHookSharedDataBase.h">
      <Filter>Header Files</Filter>
    </ClInclude>
    <ClInclude Include="lib\Memory\Remote\Hook\VirtualMethodsTable\SharedData\RemoteVirtualMethodsTableHookSharedData.h">
      <Filter>Header Files</Filter>
    </ClInclude>
    <ClInclude Include="lib\Memory\Remote\Hook\VirtualMethodsTable\RemoteVirtualMethodsResolver.h">
      <Filter>Header Files</Filter>
    </ClInclude>
    <ClInclude Include="lib\Memory\Remote\Hook\VirtualMethodsTable\RemoteVirtualMethodsTableHook.h">
      <Filter>Header Files</Filter>
    </ClInclude>
    <ClInclude Include="lib\Memory\Remote\Hook\VirtualMethodsTable\RemoteVirtualMethodsTableHookFactory.h">
      <Filter>Header Files</Filter>
    </ClInclude>
    <ClInclude Include="src\CSGO\Interfaces\Base\InterfaceBase.h">
      <Filter>Header Files</Filter>
    </ClInclude>
    <ClInclude Include="lib\Memory\Remote\Hook\VirtualMethodsTable\RemoteVirtualMethodHookBase.h">
      <Filter>Header Files</Filter>
    </ClInclude>
    <ClInclude Include="src\CLI\Hooks\Client\ClientHook.h">
      <Filter>Header Files</Filter>
    </ClInclude>
    <ClInclude Include="src\CLI\Hooks\Client\VirtualMethods\CreateMoveVirtualMethodHook.h">
      <Filter>Header Files</Filter>
    </ClInclude>
    <ClInclude Include="src\CLI\Hooks\Client\SharedData\ClientHookSharedData.h">
      <Filter>Header Files</Filter>
    </ClInclude>
    <ClInclude Include="lib\Memory\Remote\Hook\RemoteHookService.h">
      <Filter>Header Files</Filter>
    </ClInclude>
    <ClInclude Include="src\CLI\Hooks\Base\HookBase.h">
      <Filter>Header Files</Filter>
    </ClInclude>
    <ClInclude Include="src\CLI\Hooks\HooksService.h">
      <Filter>Header Files</Filter>
    </ClInclude>
    <ClInclude Include="src\CSGO\Interfaces\InterfacesService.h">
      <Filter>Header Files</Filter>
    </ClInclude>
    <ClInclude Include="src\CSGO\ClientClass\ClientClassService.h">
      <Filter>Header Files</Filter>
    </ClInclude>
    <ClInclude Include="lib\Memory\Remote\Dto\Base\RemoteDtoBase.h">
      <Filter>Header Files</Filter>
    </ClInclude>
    <ClInclude Include="lib\Memory\Remote\Dto\Member\Base\RemoteDtoMemberBase.h">
      <Filter>Header Files</Filter>
    </ClInclude>
    <ClInclude Include="lib\Memory\Remote\Dto\Member\RemoteDtoSimpleMember.h">
      <Filter>Header Files</Filter>
    </ClInclude>
    <ClInclude Include="lib\Memory\Remote\Dto\Member\RemoteDtoSimplePtrMember.h">
      <Filter>Header Files</Filter>
    </ClInclude>
    <ClInclude Include="lib\Memory\Remote\Dto\Member\RemoteDtoPtrMember.h">
      <Filter>Header Files</Filter>
    </ClInclude>
    <ClInclude Include="lib\Memory\Remote\Dto\RemoteDtoMemberResolver.h">
      <Filter>Header Files</Filter>
    </ClInclude>
    <ClInclude Include="src\CSGO\ClientClass\Dtos\ClientClassDto.h">
      <Filter>Header Files</Filter>
    </ClInclude>
    <ClInclude Include="src\CSGO\ClientClass\Dtos\RecvTableDto.h">
      <Filter>Header Files</Filter>
    </ClInclude>
    <ClInclude Include="lib\Memory\Remote\Dto\Member\RemoteDtoPtrArrayMember.h">
      <Filter>Header Files</Filter>
    </ClInclude>
    <ClInclude Include="lib\Memory\Remote\Process\Dtos\RemoteProcessDto.h">
      <Filter>Header Files</Filter>
    </ClInclude>
    <ClInclude Include="lib\Memory\Remote\Process\Consts\RemoteProcessConsts.h">
      <Filter>Header Files</Filter>
    </ClInclude>
    <ClInclude Include="lib\Memory\Remote\Process\Factories\RemoteProcessDtoFactory.h">
      <Filter>Header Files</Filter>
    </ClInclude>
    <ClInclude Include="lib\Memory\Remote\Process\Factories\RemoteProcessModuleDtoFactory.h">
      <Filter>Header Files</Filter>
    </ClInclude>
    <ClInclude Include="lib\Memory\Remote\Process\Dtos\RemoteProcessModuleDto.h">
      <Filter>Header Files</Filter>
    </ClInclude>
    <ClInclude Include="lib\Memory\Remote\Process\Providers\RemoteProcessThreadsProvider.h">
      <Filter>Header Files</Filter>
    </ClInclude>
    <ClInclude Include="src\CSGO\Interfaces\Engine\EngineVGui.h">
      <Filter>Header Files</Filter>
    </ClInclude>
    <ClInclude Include="src\CLI\Hooks\EngineVGui\SharedData\EngineVGuiHookSharedData.h">
      <Filter>Header Files</Filter>
    </ClInclude>
    <ClInclude Include="src\CLI\Hooks\EngineVGui\VirtualMethods\PaintVirtualMethodHook.h">
      <Filter>Header Files</Filter>
    </ClInclude>
    <ClInclude Include="src\CLI\Hooks\EngineVGui\EngineVGuiHook.h">
      <Filter>Header Files</Filter>
    </ClInclude>
    <ClInclude Include="lib\Util\String.h">
      <Filter>Header Files</Filter>
    </ClInclude>
    <ClInclude Include="lib\Memory\PatternResolver.h">
      <Filter>Header Files</Filter>
    </ClInclude>
    <ClInclude Include="lib\Memory\Remote\Process\Enums\RemotePatternType.h">
      <Filter>Header Files</Filter>
    </ClInclude>
    <ClInclude Include="lib\Macros\FlagEnum.h">
      <Filter>Header Files</Filter>
    </ClInclude>
    <ClInclude Include="lib\Memory\Remote\Process\Resolvers\RemoteProcessPatternResolver.h">
      <Filter>Header Files</Filter>
    </ClInclude>
  </ItemGroup>
</Project>